
Microsoft Visual Studio Solution File, Format Version 12.00
# Visual Studio 14
VisualStudioVersion = 14.0.23107.0
MinimumVisualStudioVersion = 10.0.40219.1
Project("{FAE04EC0-301F-11D3-BF4B-00C04F79EFBC}") = "CLFramework", "CLFramework\CLFramework.csproj", "{7989DCFB-9A7E-4EA9-BB3C-2E48689BF0B0}"
EndProject
Project("{FAE04EC0-301F-11D3-BF4B-00C04F79EFBC}") = "CLGameserver", "CLGameServer\CLGameserver.csproj", "{CD1E777F-20F8-4C2B-9BD7-CCF6E67BD381}"
EndProject
Project("{FAE04EC0-301F-11D3-BF4B-00C04F79EFBC}") = "CLGatewayServer", "CLGatewayServer\CLGatewayServer.csproj", "{51406091-3B03-48FD-B0AB-0BFABF205D1E}"
EndProject
Global
	GlobalSection(SolutionConfigurationPlatforms) = preSolution
		Debug|Any CPU = Debug|Any CPU
		Release|Any CPU = Release|Any CPU
	EndGlobalSection
	GlobalSection(ProjectConfigurationPlatforms) = postSolution
		{7989DCFB-9A7E-4EA9-BB3C-2E48689BF0B0}.Debug|Any CPU.ActiveCfg = Debug|Any CPU
		{7989DCFB-9A7E-4EA9-BB3C-2E48689BF0B0}.Debug|Any CPU.Build.0 = Debug|Any CPU
		{7989DCFB-9A7E-4EA9-BB3C-2E48689BF0B0}.Release|Any CPU.ActiveCfg = Release|Any CPU
		{7989DCFB-9A7E-4EA9-BB3C-2E48689BF0B0}.Release|Any CPU.Build.0 = Release|Any CPU
		{CD1E777F-20F8-4C2B-9BD7-CCF6E67BD381}.Debug|Any CPU.ActiveCfg = Debug|Any CPU
		{CD1E777F-20F8-4C2B-9BD7-CCF6E67BD381}.Debug|Any CPU.Build.0 = Debug|Any CPU
		{CD1E777F-20F8-4C2B-9BD7-CCF6E67BD381}.Release|Any CPU.ActiveCfg = Release|Any CPU
		{CD1E777F-20F8-4C2B-9BD7-CCF6E67BD381}.Release|Any CPU.Build.0 = Release|Any CPU
		{51406091-3B03-48FD-B0AB-0BFABF205D1E}.Debug|Any CPU.ActiveCfg = Debug|Any CPU
		{51406091-3B03-48FD-B0AB-0BFABF205D1E}.Debug|Any CPU.Build.0 = Debug|Any CPU
		{51406091-3B03-48FD-B0AB-0BFABF205D1E}.Release|Any CPU.ActiveCfg = Release|Any CPU
		{51406091-3B03-48FD-B0AB-0BFABF205D1E}.Release|Any CPU.Build.0 = Release|Any CPU
	EndGlobalSection
	GlobalSection(SolutionProperties) = preSolution
		HideSolutionNode = FALSE
	EndGlobalSection
EndGlobal
